{
  "name": "vidkar",
  "version": "1.0.0",
  "lockfileVersion": 1,
  "requires": true,
  "dependencies": {
    "@telegraf/types": {
      "version": "7.1.0",
      "resolved": "https://registry.npmjs.org/@telegraf/types/-/types-7.1.0.tgz",
      "integrity": "sha512-kGevOIbpMcIlCDeorKGpwZmdH7kHbqlk/Yj6dEpJMKEQw5lk0KVQY0OLXaCswy8GqlIVLd5625OB+rAntP9xVw=="
    },
    "abort-controller": {
      "version": "3.0.0",
      "resolved": "https://registry.npmjs.org/abort-controller/-/abort-controller-3.0.0.tgz",
      "integrity": "sha512-h8lQ8tacZYnR3vNQTgibj+tODHI5/+l06Au2Pcriv/Gmet0eaj4TwWH41sO9wnHDiQsEj19q0drzdWdeAHtweg==",
      "requires": {
        "event-target-shim": "^5.0.0"
      }
    },
    "bluebird": {
      "version": "3.7.2",
      "resolved": "https://registry.npmjs.org/bluebird/-/bluebird-3.7.2.tgz",
      "integrity": "sha512-XpNj6GDQzdfW+r2Wnn7xiSAd7TM3jzkxGXBGTtWKuSXv1xUV+azxAm8jdWZN06QTQk+2N2XB9jRDkvbmQmcRtg=="
    },
    "buffer-alloc": {
      "version": "1.2.0",
      "resolved": "https://registry.npmjs.org/buffer-alloc/-/buffer-alloc-1.2.0.tgz",
      "integrity": "sha512-CFsHQgjtW1UChdXgbyJGtnm+O/uLQeZdtbDo8mfUgYXCHSM1wgrVxXm6bSyrUuErEb+4sYVGCzASBRot7zyrow==",
      "requires": {
        "buffer-alloc-unsafe": "^1.1.0",
        "buffer-fill": "^1.0.0"
      }
    },
    "buffer-alloc-unsafe": {
      "version": "1.1.0",
      "resolved": "https://registry.npmjs.org/buffer-alloc-unsafe/-/buffer-alloc-unsafe-1.1.0.tgz",
      "integrity": "sha512-TEM2iMIEQdJ2yjPJoSIsldnleVaAk1oW3DBVUykyOLsEsFmEc9kn+SFFPz+gl54KQNxlDnAwCXosOS9Okx2xAg=="
    },
    "buffer-extend": {
      "version": "0.0.1",
      "resolved": "https://registry.npmjs.org/buffer-extend/-/buffer-extend-0.0.1.tgz",
      "integrity": "sha512-+jh+ei3vRjI7jZ/rJugkH67axYCmdMc6utEJmYRd4ql24bMyF2ktFx1q5GFDlcMoK8j85F0P1sBRrOCow2P1Bw==",
      "requires": {
        "buffer-extend-split": "~0.0.0",
        "buffer24": "~0.0.1"
      }
    },
    "buffer-extend-split": {
      "version": "0.0.0",
      "resolved": "https://registry.npmjs.org/buffer-extend-split/-/buffer-extend-split-0.0.0.tgz",
      "integrity": "sha512-wCAZyE+snlFCK3q0b7+hVWTr7YGa2zbi/jsplN6xSmA08S2gnZfqEH5nMGlRH76YOkWcR2sQlwlOhpQh8vCt7g=="
    },
    "buffer-fill": {
      "version": "1.0.0",
      "resolved": "https://registry.npmjs.org/buffer-fill/-/buffer-fill-1.0.0.tgz",
      "integrity": "sha512-T7zexNBwiiaCOGDg9xNX9PBmjrubblRkENuptryuI64URkXDFum9il/JGL8Lm8wYfAXpredVXXZz7eMHilimiQ=="
    },
    "buffer24": {
      "version": "0.0.2",
      "resolved": "https://registry.npmjs.org/buffer24/-/buffer24-0.0.2.tgz",
      "integrity": "sha512-zrAustMQEZJNwvaRz+O/C34aBO69EFk3XBHifk8Dg2QhCCrSFJy0UaBHINn1XrfBuUc2j3pIV4C+xlVFjW5OaQ=="
    },
    "child_process": {
      "version": "1.0.2",
      "resolved": "https://registry.npmjs.org/child_process/-/child_process-1.0.2.tgz",
      "integrity": "sha512-Wmza/JzL0SiWz7kl6MhIKT5ceIlnFPJX+lwUGj7Clhy5MMldsSoJR0+uvRzOS5Kv45Mq7t1PoE8TsOA9bzvb6g=="
    },
    "clone-deep": {
      "version": "4.0.1",
      "resolved": "https://registry.npmjs.org/clone-deep/-/clone-deep-4.0.1.tgz",
      "integrity": "sha512-neHB9xuzh/wk0dIHweyAXv2aPGZIVk3pLMe+/RNzINf17fe0OG96QroktYAUm7SM1PBnzTabaLboqqxDyMU+SQ==",
      "requires": {
        "is-plain-object": "^2.0.4",
        "kind-of": "^6.0.2",
        "shallow-clone": "^3.0.0"
      }
    },
    "debug": {
      "version": "4.3.4",
      "resolved": "https://registry.npmjs.org/debug/-/debug-4.3.4.tgz",
      "integrity": "sha512-PRWFHuSU3eDtQJPvnNY7Jcket1j0t5OuOsFzPPzsekD52Zl8qUfFIPEiswXqIvHWGVHOgX+7G/vCNNhehwxfkQ==",
      "requires": {
        "ms": "2.1.2"
      }
    },
    "dotenv": {
      "version": "16.4.5",
      "resolved": "https://registry.npmjs.org/dotenv/-/dotenv-16.4.5.tgz",
      "integrity": "sha512-ZmdL2rui+eB2YwhsWzjInR8LldtZHGDoQ1ugH85ppHKwpUHL7j7rN0Ti9NCnGiQbhaZ11FpR+7ao1dNsmduNUg=="
    },
    "ejson": {
      "version": "2.2.3",
      "resolved": "https://registry.npmjs.org/ejson/-/ejson-2.2.3.tgz",
      "integrity": "sha512-hsFvJp6OpGxFRQfBR3PSxFpaPALdHDY+SB3TRbMpLWNhvu8GzLiZutof5+/DFd2QekZo3KyXau75ngdJqQUSrw=="
    },
    "event-target-shim": {
      "version": "5.0.1",
      "resolved": "https://registry.npmjs.org/event-target-shim/-/event-target-shim-5.0.1.tgz",
      "integrity": "sha512-i/2XbnSz/uxRCU6+NdVJgKWDTM427+MqYbkQzD321DuCQJUqOuJKIA0IM2+W2xtYHdKOmZ4dR6fExsd4SXL+WQ=="
    },
    "fs": {
      "version": "0.0.1-security",
      "resolved": "https://registry.npmjs.org/fs/-/fs-0.0.1-security.tgz",
      "integrity": "sha512-3XY9e1pP0CVEUCdj5BmfIZxRBTSDycnbqhIOGec9QYtmVH2fbLpj86CFWkrNOkt/Fvty4KZG5lTglL9j/gJ87w=="
    },
    "ifconfig": {
      "version": "0.0.1",
      "resolved": "https://registry.npmjs.org/ifconfig/-/ifconfig-0.0.1.tgz",
      "integrity": "sha512-WE3IJ/RX4T9PZgwGH5LbK5H8DvnjAyu0KtTZsjhuXzb/jORo4qphp6mc9KmhEN94TaTCVDdJL76YjwOK2Gh5uA==",
      "requires": {
        "ifconfig-parser": "~0.0.0"
      }
    },
    "ifconfig-linux": {
      "version": "0.1.2",
      "resolved": "https://registry.npmjs.org/ifconfig-linux/-/ifconfig-linux-0.1.2.tgz",
      "integrity": "sha512-lIJOHejf4cP4Rs0Rn7RoCG/5likjITxuKlSQrpKDOAdi2PqnjGmSDlgGvu1jOxyNMSH9WUyytfVJO5IhPKemHw==",
      "requires": {
        "bluebird": "3.4.6",
        "child_process": "1.0.2",
        "underscore": "1.8.3"
      },
      "dependencies": {
        "bluebird": {
          "version": "3.4.6",
          "resolved": "https://registry.npmjs.org/bluebird/-/bluebird-3.4.6.tgz",
          "integrity": "sha512-YvvhuCEE6vHQVlxe+ZTuZyXiA9RIXLz1X8YamApVDYf410Y/K0tBTpZ2bTVNsnPVSRviN/mfu2W42BnRfSXA2A=="
        },
        "child_process": {
          "version": "1.0.2",
          "resolved": "https://registry.npmjs.org/child_process/-/child_process-1.0.2.tgz",
          "integrity": "sha512-Wmza/JzL0SiWz7kl6MhIKT5ceIlnFPJX+lwUGj7Clhy5MMldsSoJR0+uvRzOS5Kv45Mq7t1PoE8TsOA9bzvb6g=="
        },
        "underscore": {
          "version": "1.8.3",
          "resolved": "https://registry.npmjs.org/underscore/-/underscore-1.8.3.tgz",
          "integrity": "sha512-5WsVTFcH1ut/kkhAaHf4PVgI8c7++GiVcpCGxPouI6ZVjsqPnSDf8h/8HtVqc0t4fzRXwnMK70EcZeAs3PIddg=="
        }
      }
    },
    "ifconfig-parser": {
      "version": "0.0.1",
      "resolved": "https://registry.npmjs.org/ifconfig-parser/-/ifconfig-parser-0.0.1.tgz",
      "integrity": "sha512-gzB1DRodcMSMaiLR1Q4VBDvnhdDeIqQPLtCJve3G99wiDleQdd/CTHNMRydUkT73SyZb0bWZTahHKfNg2BRNvA==",
      "requires": {
        "buffer-extend": "0.0.1"
      }
    },
    "is-plain-object": {
      "version": "2.0.4",
      "resolved": "https://registry.npmjs.org/is-plain-object/-/is-plain-object-2.0.4.tgz",
      "integrity": "sha512-h5PpgXkWitc38BBMYawTYMWJHFZJVnBquFE57xFpjB8pJFiF6gZ+bU+WyI/yqXiFR5mdLsgYNaPe8uao6Uv9Og==",
      "requires": {
        "isobject": "^3.0.1"
      }
    },
    "isobject": {
      "version": "3.0.1",
      "resolved": "https://registry.npmjs.org/isobject/-/isobject-3.0.1.tgz",
      "integrity": "sha512-WhB9zCku7EGTj/HQQRz5aUQEUeoQZH2bWcltRErOpymJ4boYE6wL9Tbr23krRPSZ+C5zqNSrSw+Cc7sZZ4b7vg=="
    },
    "isomorphic-ws": {
      "version": "4.0.1",
      "resolved": "https://registry.npmjs.org/isomorphic-ws/-/isomorphic-ws-4.0.1.tgz",
      "integrity": "sha512-BhBvN2MBpWTaSHdWRb/bwdZJ1WaehQ2L1KngkCkfLUGF0mAWAT1sQUQacEmQ0jXkFw/czDXPNQSL5u2/Krsz1w=="
    },
    "kind-of": {
      "version": "6.0.3",
      "resolved": "https://registry.npmjs.org/kind-of/-/kind-of-6.0.3.tgz",
      "integrity": "sha512-dcS1ul+9tmeD95T+x28/ehLgd9mENa3LsvDTtzm3vyBEO7RPptvAD+t44WVXaUjTBRcrpFeFlC8WCruUR456hw=="
    },
    "mri": {
      "version": "1.2.0",
      "resolved": "https://registry.npmjs.org/mri/-/mri-1.2.0.tgz",
      "integrity": "sha512-tzzskb3bG8LvYGFF/mDTpq3jpI6Q9wc3LEmBaghu+DdCssd1FakN7Bc0hVNmEyGq1bq3RgfkCb3cmQLpNPOroA=="
    },
    "ms": {
      "version": "2.1.2",
      "resolved": "https://registry.npmjs.org/ms/-/ms-2.1.2.tgz",
      "integrity": "sha512-sGkPx+VjMtmA6MX27oA4FBFELFCZZ4S4XqeGOXCv68tT+jb3vk/RyaKWP0PTKyWtmLSM0b+adUTEvbs1PEaH2w=="
    },
    "node-cron": {
      "version": "3.0.3",
      "resolved": "https://registry.npmjs.org/node-cron/-/node-cron-3.0.3.tgz",
      "integrity": "sha512-dOal67//nohNgYWb+nWmg5dkFdIwDm8EpeGYMekPMrngV3637lqnX0lbUcCtgibHTz6SEz7DAIjKvKDFYCnO1A==",
      "requires": {
        "uuid": "8.3.2"
      }
    },
    "node-fetch": {
      "version": "2.7.0",
      "resolved": "https://registry.npmjs.org/node-fetch/-/node-fetch-2.7.0.tgz",
      "integrity": "sha512-c4FRfUm/dbcWZ7U+1Wq0AwCyFL+3nt2bEw05wfxSz+DWpWsitgmSgYmy2dQdWyKC1694ELPqMs/YzUSNozLt8A==",
      "requires": {
        "whatwg-url": "^5.0.0"
      }
    },
    "p-timeout": {
      "version": "4.1.0",
      "resolved": "https://registry.npmjs.org/p-timeout/-/p-timeout-4.1.0.tgz",
      "integrity": "sha512-+/wmHtzJuWii1sXn3HCuH/FTwGhrp4tmJTxSKJbfS+vkipci6osxXM5mY0jUiRzWKMTgUT8l7HFbeSwZAynqHw=="
    },
    "safe-compare": {
      "version": "1.1.4",
      "resolved": "https://registry.npmjs.org/safe-compare/-/safe-compare-1.1.4.tgz",
      "integrity": "sha512-b9wZ986HHCo/HbKrRpBJb2kqXMK9CEWIE1egeEvZsYn69ay3kdfl9nG3RyOcR+jInTDf7a86WQ1d4VJX7goSSQ==",
      "requires": {
        "buffer-alloc": "^1.2.0"
      }
    },
    "sandwich-stream": {
      "version": "2.0.2",
      "resolved": "https://registry.npmjs.org/sandwich-stream/-/sandwich-stream-2.0.2.tgz",
      "integrity": "sha512-jLYV0DORrzY3xaz/S9ydJL6Iz7essZeAfnAavsJ+zsJGZ1MOnsS52yRjU3uF3pJa/lla7+wisp//fxOwOH8SKQ=="
    },
    "shallow-clone": {
      "version": "3.0.1",
      "resolved": "https://registry.npmjs.org/shallow-clone/-/shallow-clone-3.0.1.tgz",
      "integrity": "sha512-/6KqX+GVUdqPuPPd2LxDDxzX6CAbjJehAAOKlNpqqUpAqPM6HeL8f+o3a+JsyGjn2lv0WY8UsTgUJjU9Ok55NA==",
      "requires": {
        "kind-of": "^6.0.2"
      }
    },
    "simpleddp": {
      "version": "2.2.4",
      "resolved": "https://registry.npmjs.org/simpleddp/-/simpleddp-2.2.4.tgz",
      "integrity": "sha512-VnsORlr1TPOqHyHjJXPoh5UYM6A30WAZVzxvxzCa3ShlxDjQfIO0dtmHKnr6eE5UnMffzcYnLaLXmp352zBsEg==",
      "requires": {
        "clone-deep": "^4.0.1",
        "ejson": "^2.2.0",
        "simpleddp-core": "^1.0.6"
      }
    },
    "simpleddp-core": {
      "version": "1.0.6",
      "resolved": "https://registry.npmjs.org/simpleddp-core/-/simpleddp-core-1.0.6.tgz",
      "integrity": "sha512-ImVD26ufpGN8n4awbvgTGlcRuJOn3q+eMdaSZWqnwQGcECLsthmizjVprfBSvRixl/cXWaQn5CoBXn9KNInjEQ==",
      "requires": {
        "ejson": "^2.1.2",
        "wolfy87-eventemitter": "^5.2.5"
      }
    },
    "tcp-ping": {
      "version": "0.1.1",
      "resolved": "https://registry.npmjs.org/tcp-ping/-/tcp-ping-0.1.1.tgz",
      "integrity": "sha512-7Ed10Ds0hYnF+O1lfiZ2iSZ1bCAj+96Madctebmq7Y1ALPWlBY4YI8C6pCL+UTlshFY5YogixKLpgDP/4BlHrw=="
    },
    "telegraf": {
      "version": "4.16.3",
      "resolved": "https://registry.npmjs.org/telegraf/-/telegraf-4.16.3.tgz",
      "integrity": "sha512-yjEu2NwkHlXu0OARWoNhJlIjX09dRktiMQFsM678BAH/PEPVwctzL67+tvXqLCRQQvm3SDtki2saGO9hLlz68w==",
      "requires": {
        "@telegraf/types": "^7.1.0",
        "abort-controller": "^3.0.0",
        "debug": "^4.3.4",
        "mri": "^1.2.0",
        "node-fetch": "^2.7.0",
        "p-timeout": "^4.1.0",
        "safe-compare": "^1.1.4",
        "sandwich-stream": "^2.0.2"
      }
    },
    "tr46": {
      "version": "0.0.3",
      "resolved": "https://registry.npmjs.org/tr46/-/tr46-0.0.3.tgz",
      "integrity": "sha512-N3WMsuqV66lT30CrXNbEjx4GEwlow3v6rr4mCcv6prnfwhS01rkgyFdjPNBYd9br7LpXV1+Emh01fHnq2Gdgrw=="
    },
    "typescript": {
      "version": "4.9.5",
      "resolved": "https://registry.npmjs.org/typescript/-/typescript-4.9.5.tgz",
      "integrity": "sha512-1FXk9E2Hm+QzZQ7z+McJiHL4NW1F2EzMu9Nq9i3zAaGqibafqYwCVU6WyWAuyQRRzOlxou8xZSyXLEN8oKj24g==",
      "dev": true
    },
    "underscore": {
      "version": "1.13.6",
      "resolved": "https://registry.npmjs.org/underscore/-/underscore-1.13.6.tgz",
      "integrity": "sha512-+A5Sja4HP1M08MaXya7p5LvjuM7K6q/2EaC0+iovj/wOcMsTzMvDFbasi/oSapiwOlt252IqsKqPjCl7huKS0A=="
    },
    "uuid": {
      "version": "8.3.2",
      "resolved": "https://registry.npmjs.org/uuid/-/uuid-8.3.2.tgz",
      "integrity": "sha512-+NYs2QeMWy+GWFOEm9xnn6HCDp0l7QBD7ml8zLUmJ+93Q5NF0NocErnwkTkXVFNiX3/fpC6afS8Dhb/gz7R7eg=="
    },
    "webidl-conversions": {
      "version": "3.0.1",
      "resolved": "https://registry.npmjs.org/webidl-conversions/-/webidl-conversions-3.0.1.tgz",
      "integrity": "sha512-2JAn3z8AR6rjK8Sm8orRC0h/bcl/DqL7tRPdGZ4I1CjdF+EaMLmYxBHyXuKL849eucPFhvBoxMsflfOb8kxaeQ=="
    },
    "whatwg-url": {
      "version": "5.0.0",
      "resolved": "https://registry.npmjs.org/whatwg-url/-/whatwg-url-5.0.0.tgz",
      "integrity": "sha512-saE57nupxk6v3HY35+jzBwYa0rKSy0XR8JSxZPwgLr7ys0IBzhGviA1/TUGJLmSVqs8pb9AnvICXEuOHLprYTw==",
      "requires": {
        "tr46": "~0.0.3",
        "webidl-conversions": "^3.0.0"
      }
    },
    "wolfy87-eventemitter": {
      "version": "5.2.9",
      "resolved": "https://registry.npmjs.org/wolfy87-eventemitter/-/wolfy87-eventemitter-5.2.9.tgz",
      "integrity": "sha512-P+6vtWyuDw+MB01X7UeF8TaHBvbCovf4HPEMF/SV7BdDc1SMTiBy13SRD71lQh4ExFTG1d/WNzDGDCyOKSMblw=="
    },
    "ws": {
      "version": "8.17.0",
      "resolved": "https://registry.npmjs.org/ws/-/ws-8.17.0.tgz",
      "integrity": "sha512-uJq6108EgZMAl20KagGkzCKfMEjxmKvZHG7Tlq0Z6nOky7YF7aq4mOx6xK8TJ/i1LeK4Qus7INktacctDgY8Ow=="
    }
  }
}
